
Microsoft Visual Studio Solution File, Format Version 12.00
# Visual Studio 14
VisualStudioVersion = 14.0.25420.1
MinimumVisualStudioVersion = 10.0.40219.1
Project("{FAE04EC0-301F-11D3-BF4B-00C04F79EFBC}") = "SeatClientV3", "SeatClientV3\SeatClientV3.csproj", "{CFEBFB91-359C-4B7D-A4B6-8A125BC00BEC}"
EndProject
Project("{FAE04EC0-301F-11D3-BF4B-00C04F79EFBC}") = "SeatClientV3.OperateResult", "SeatClientV3.OperateResult\SeatClientV3.OperateResult.csproj", "{43588DE8-1140-4A58-8F17-55A9DB7A6BAA}"
EndProject
Project("{FAE04EC0-301F-11D3-BF4B-00C04F79EFBC}") = "EnumType", "EnumType\EnumType.csproj", "{3E7C2198-F6B3-4FAE-8EBF-2271E752DFF3}"
EndProject
Project("{FAE04EC0-301F-11D3-BF4B-00C04F79EFBC}") = "SeatManage.Bll", "SeatClientBll\SeatManage.Bll.csproj", "{D8187F61-BDC9-431F-975F-C58D9C897412}"
EndProject
Project("{FAE04EC0-301F-11D3-BF4B-00C04F79EFBC}") = "SeatManage.IPOS", "SeatManage.IPOS\SeatManage.IPOS.csproj", "{B204415D-E69E-4109-AE5A-869C70AD241F}"
EndProject
Project("{FAE04EC0-301F-11D3-BF4B-00C04F79EFBC}") = "SeatManage.ISystemTerminal", "SeatManage.ISystemTerminal\SeatManage.ISystemTerminal.csproj", "{A8DC4589-E484-475E-A2BB-B1D264424F05}"
EndProject
Project("{FAE04EC0-301F-11D3-BF4B-00C04F79EFBC}") = "SeatManageClassModel", "SeatManageClassModel\SeatManageClassModel.csproj", "{E90FBBAD-98DA-4A34-B620-26DA9ADDDF85}"
EndProject
Project("{FAE04EC0-301F-11D3-BF4B-00C04F79EFBC}") = "SeatManageComm", "SeatManageComm\SeatManageComm.csproj", "{19063808-3340-4563-8B40-573D8DD0BABA}"
EndProject
Project("{FAE04EC0-301F-11D3-BF4B-00C04F79EFBC}") = "AuthorizeVerify", "AuthorizeVerify\AuthorizeVerify.csproj", "{7CEE58EC-8892-40D3-8DC3-4231054851D3}"
EndProject
Project("{FAE04EC0-301F-11D3-BF4B-00C04F79EFBC}") = "IWCFService", "IWCFService\IWCFService.csproj", "{F7C44CB4-96BD-4B90-BC1A-A4313D362FE9}"
EndProject
Project("{FAE04EC0-301F-11D3-BF4B-00C04F79EFBC}") = "IWCFService.TransportService", "IWCFService.TransportService\IWCFService.TransportService.csproj", "{19B2BF43-EB86-450B-80C5-9BE4ADFA5420}"
EndProject
Project("{FAE04EC0-301F-11D3-BF4B-00C04F79EFBC}") = "SeatManage.WcfAccessProxy", "SeatManage.WcfAccessProxy\SeatManage.WcfAccessProxy.csproj", "{E64D1E5D-7078-48A9-83EF-833C3D282F5D}"
EndProject
Project("{FAE04EC0-301F-11D3-BF4B-00C04F79EFBC}") = "SeatManage.InterfaceFactory", "InterfaceFactory\SeatManage.InterfaceFactory.csproj", "{FAF7C3DC-E2A6-482B-989E-735BE18517BA}"
EndProject
Global
	GlobalSection(SolutionConfigurationPlatforms) = preSolution
		Debug|Any CPU = Debug|Any CPU
		Debug|x86 = Debug|x86
		Release|Any CPU = Release|Any CPU
		Release|x86 = Release|x86
	EndGlobalSection
	GlobalSection(ProjectConfigurationPlatforms) = postSolution
		{CFEBFB91-359C-4B7D-A4B6-8A125BC00BEC}.Debug|Any CPU.ActiveCfg = Debug|Any CPU
		{CFEBFB91-359C-4B7D-A4B6-8A125BC00BEC}.Debug|Any CPU.Build.0 = Debug|Any CPU
		{CFEBFB91-359C-4B7D-A4B6-8A125BC00BEC}.Debug|x86.ActiveCfg = Debug|x86
		{CFEBFB91-359C-4B7D-A4B6-8A125BC00BEC}.Debug|x86.Build.0 = Debug|x86
		{CFEBFB91-359C-4B7D-A4B6-8A125BC00BEC}.Release|Any CPU.ActiveCfg = Release|Any CPU
		{CFEBFB91-359C-4B7D-A4B6-8A125BC00BEC}.Release|Any CPU.Build.0 = Release|Any CPU
		{CFEBFB91-359C-4B7D-A4B6-8A125BC00BEC}.Release|x86.ActiveCfg = Release|x86
		{CFEBFB91-359C-4B7D-A4B6-8A125BC00BEC}.Release|x86.Build.0 = Release|x86
		{43588DE8-1140-4A58-8F17-55A9DB7A6BAA}.Debug|Any CPU.ActiveCfg = Debug|Any CPU
		{43588DE8-1140-4A58-8F17-55A9DB7A6BAA}.Debug|Any CPU.Build.0 = Debug|Any CPU
		{43588DE8-1140-4A58-8F17-55A9DB7A6BAA}.Debug|x86.ActiveCfg = Debug|x86
		{43588DE8-1140-4A58-8F17-55A9DB7A6BAA}.Debug|x86.Build.0 = Debug|x86
		{43588DE8-1140-4A58-8F17-55A9DB7A6BAA}.Release|Any CPU.ActiveCfg = Release|Any CPU
		{43588DE8-1140-4A58-8F17-55A9DB7A6BAA}.Release|Any CPU.Build.0 = Release|Any CPU
		{43588DE8-1140-4A58-8F17-55A9DB7A6BAA}.Release|x86.ActiveCfg = Release|x86
		{43588DE8-1140-4A58-8F17-55A9DB7A6BAA}.Release|x86.Build.0 = Release|x86
		{3E7C2198-F6B3-4FAE-8EBF-2271E752DFF3}.Debug|Any CPU.ActiveCfg = Debug|Any CPU
		{3E7C2198-F6B3-4FAE-8EBF-2271E752DFF3}.Debug|Any CPU.Build.0 = Debug|Any CPU
		{3E7C2198-F6B3-4FAE-8EBF-2271E752DFF3}.Debug|x86.ActiveCfg = Debug|x86
		{3E7C2198-F6B3-4FAE-8EBF-2271E752DFF3}.Debug|x86.Build.0 = Debug|x86
		{3E7C2198-F6B3-4FAE-8EBF-2271E752DFF3}.Release|Any CPU.ActiveCfg = Release|Any CPU
		{3E7C2198-F6B3-4FAE-8EBF-2271E752DFF3}.Release|Any CPU.Build.0 = Release|Any CPU
		{3E7C2198-F6B3-4FAE-8EBF-2271E752DFF3}.Release|x86.ActiveCfg = Release|x86
		{3E7C2198-F6B3-4FAE-8EBF-2271E752DFF3}.Release|x86.Build.0 = Release|x86
		{D8187F61-BDC9-431F-975F-C58D9C897412}.Debug|Any CPU.ActiveCfg = Debug|Any CPU
		{D8187F61-BDC9-431F-975F-C58D9C897412}.Debug|Any CPU.Build.0 = Debug|Any CPU
		{D8187F61-BDC9-431F-975F-C58D9C897412}.Debug|x86.ActiveCfg = Debug|x86
		{D8187F61-BDC9-431F-975F-C58D9C897412}.Debug|x86.Build.0 = Debug|x86
		{D8187F61-BDC9-431F-975F-C58D9C897412}.Release|Any CPU.ActiveCfg = Release|Any CPU
		{D8187F61-BDC9-431F-975F-C58D9C897412}.Release|Any CPU.Build.0 = Release|Any CPU
		{D8187F61-BDC9-431F-975F-C58D9C897412}.Release|x86.ActiveCfg = Release|x86
		{D8187F61-BDC9-431F-975F-C58D9C897412}.Release|x86.Build.0 = Release|x86
		{B204415D-E69E-4109-AE5A-869C70AD241F}.Debug|Any CPU.ActiveCfg = Debug|Any CPU
		{B204415D-E69E-4109-AE5A-869C70AD241F}.Debug|Any CPU.Build.0 = Debug|Any CPU
		{B204415D-E69E-4109-AE5A-869C70AD241F}.Debug|x86.ActiveCfg = Debug|x86
		{B204415D-E69E-4109-AE5A-869C70AD241F}.Debug|x86.Build.0 = Debug|x86
		{B204415D-E69E-4109-AE5A-869C70AD241F}.Release|Any CPU.ActiveCfg = Release|Any CPU
		{B204415D-E69E-4109-AE5A-869C70AD241F}.Release|Any CPU.Build.0 = Release|Any CPU
		{B204415D-E69E-4109-AE5A-869C70AD241F}.Release|x86.ActiveCfg = Release|x86
		{B204415D-E69E-4109-AE5A-869C70AD241F}.Release|x86.Build.0 = Release|x86
		{A8DC4589-E484-475E-A2BB-B1D264424F05}.Debug|Any CPU.ActiveCfg = Debug|Any CPU
		{A8DC4589-E484-475E-A2BB-B1D264424F05}.Debug|Any CPU.Build.0 = Debug|Any CPU
		{A8DC4589-E484-475E-A2BB-B1D264424F05}.Debug|x86.ActiveCfg = Debug|x86
		{A8DC4589-E484-475E-A2BB-B1D264424F05}.Debug|x86.Build.0 = Debug|x86
		{A8DC4589-E484-475E-A2BB-B1D264424F05}.Release|Any CPU.ActiveCfg = Release|Any CPU
		{A8DC4589-E484-475E-A2BB-B1D264424F05}.Release|Any CPU.Build.0 = Release|Any CPU
		{A8DC4589-E484-475E-A2BB-B1D264424F05}.Release|x86.ActiveCfg = Release|x86
		{A8DC4589-E484-475E-A2BB-B1D264424F05}.Release|x86.Build.0 = Release|x86
		{E90FBBAD-98DA-4A34-B620-26DA9ADDDF85}.Debug|Any CPU.ActiveCfg = Debug|Any CPU
		{E90FBBAD-98DA-4A34-B620-26DA9ADDDF85}.Debug|Any CPU.Build.0 = Debug|Any CPU
		{E90FBBAD-98DA-4A34-B620-26DA9ADDDF85}.Debug|x86.ActiveCfg = Debug|x86
		{E90FBBAD-98DA-4A34-B620-26DA9ADDDF85}.Debug|x86.Build.0 = Debug|x86
		{E90FBBAD-98DA-4A34-B620-26DA9ADDDF85}.Release|Any CPU.ActiveCfg = Release|Any CPU
		{E90FBBAD-98DA-4A34-B620-26DA9ADDDF85}.Release|Any CPU.Build.0 = Release|Any CPU
		{E90FBBAD-98DA-4A34-B620-26DA9ADDDF85}.Release|x86.ActiveCfg = Release|x86
		{E90FBBAD-98DA-4A34-B620-26DA9ADDDF85}.Release|x86.Build.0 = Release|x86
		{19063808-3340-4563-8B40-573D8DD0BABA}.Debug|Any CPU.ActiveCfg = Debug|Any CPU
		{19063808-3340-4563-8B40-573D8DD0BABA}.Debug|Any CPU.Build.0 = Debug|Any CPU
		{19063808-3340-4563-8B40-573D8DD0BABA}.Debug|x86.ActiveCfg = Debug|x86
		{19063808-3340-4563-8B40-573D8DD0BABA}.Debug|x86.Build.0 = Debug|x86
		{19063808-3340-4563-8B40-573D8DD0BABA}.Release|Any CPU.ActiveCfg = Release|Any CPU
		{19063808-3340-4563-8B40-573D8DD0BABA}.Release|Any CPU.Build.0 = Release|Any CPU
		{19063808-3340-4563-8B40-573D8DD0BABA}.Release|x86.ActiveCfg = Release|x86
		{19063808-3340-4563-8B40-573D8DD0BABA}.Release|x86.Build.0 = Release|x86
		{7CEE58EC-8892-40D3-8DC3-4231054851D3}.Debug|Any CPU.ActiveCfg = Debug|Any CPU
		{7CEE58EC-8892-40D3-8DC3-4231054851D3}.Debug|Any CPU.Build.0 = Debug|Any CPU
		{7CEE58EC-8892-40D3-8DC3-4231054851D3}.Debug|x86.ActiveCfg = Debug|x86
		{7CEE58EC-8892-40D3-8DC3-4231054851D3}.Debug|x86.Build.0 = Debug|x86
		{7CEE58EC-8892-40D3-8DC3-4231054851D3}.Release|Any CPU.ActiveCfg = Release|Any CPU
		{7CEE58EC-8892-40D3-8DC3-4231054851D3}.Release|Any CPU.Build.0 = Release|Any CPU
		{7CEE58EC-8892-40D3-8DC3-4231054851D3}.Release|x86.ActiveCfg = Release|x86
		{7CEE58EC-8892-40D3-8DC3-4231054851D3}.Release|x86.Build.0 = Release|x86
		{F7C44CB4-96BD-4B90-BC1A-A4313D362FE9}.Debug|Any CPU.ActiveCfg = Debug|Any CPU
		{F7C44CB4-96BD-4B90-BC1A-A4313D362FE9}.Debug|Any CPU.Build.0 = Debug|Any CPU
		{F7C44CB4-96BD-4B90-BC1A-A4313D362FE9}.Debug|x86.ActiveCfg = Debug|x86
		{F7C44CB4-96BD-4B90-BC1A-A4313D362FE9}.Debug|x86.Build.0 = Debug|x86
		{F7C44CB4-96BD-4B90-BC1A-A4313D362FE9}.Release|Any CPU.ActiveCfg = Release|Any CPU
		{F7C44CB4-96BD-4B90-BC1A-A4313D362FE9}.Release|Any CPU.Build.0 = Release|Any CPU
		{F7C44CB4-96BD-4B90-BC1A-A4313D362FE9}.Release|x86.ActiveCfg = Release|x86
		{F7C44CB4-96BD-4B90-BC1A-A4313D362FE9}.Release|x86.Build.0 = Release|x86
		{19B2BF43-EB86-450B-80C5-9BE4ADFA5420}.Debug|Any CPU.ActiveCfg = Debug|Any CPU
		{19B2BF43-EB86-450B-80C5-9BE4ADFA5420}.Debug|Any CPU.Build.0 = Debug|Any CPU
		{19B2BF43-EB86-450B-80C5-9BE4ADFA5420}.Debug|x86.ActiveCfg = Debug|x86
		{19B2BF43-EB86-450B-80C5-9BE4ADFA5420}.Debug|x86.Build.0 = Debug|x86
		{19B2BF43-EB86-450B-80C5-9BE4ADFA5420}.Release|Any CPU.ActiveCfg = Release|Any CPU
		{19B2BF43-EB86-450B-80C5-9BE4ADFA5420}.Release|Any CPU.Build.0 = Release|Any CPU
		{19B2BF43-EB86-450B-80C5-9BE4ADFA5420}.Release|x86.ActiveCfg = Release|x86
		{19B2BF43-EB86-450B-80C5-9BE4ADFA5420}.Release|x86.Build.0 = Release|x86
		{E64D1E5D-7078-48A9-83EF-833C3D282F5D}.Debug|Any CPU.ActiveCfg = Debug|Any CPU
		{E64D1E5D-7078-48A9-83EF-833C3D282F5D}.Debug|Any CPU.Build.0 = Debug|Any CPU
		{E64D1E5D-7078-48A9-83EF-833C3D282F5D}.Debug|x86.ActiveCfg = Debug|x86
		{E64D1E5D-7078-48A9-83EF-833C3D282F5D}.Debug|x86.Build.0 = Debug|x86
		{E64D1E5D-7078-48A9-83EF-833C3D282F5D}.Release|Any CPU.ActiveCfg = Release|Any CPU
		{E64D1E5D-7078-48A9-83EF-833C3D282F5D}.Release|Any CPU.Build.0 = Release|Any CPU
		{E64D1E5D-7078-48A9-83EF-833C3D282F5D}.Release|x86.ActiveCfg = Release|x86
		{E64D1E5D-7078-48A9-83EF-833C3D282F5D}.Release|x86.Build.0 = Release|x86
		{FAF7C3DC-E2A6-482B-989E-735BE18517BA}.Debug|Any CPU.ActiveCfg = Debug|Any CPU
		{FAF7C3DC-E2A6-482B-989E-735BE18517BA}.Debug|Any CPU.Build.0 = Debug|Any CPU
		{FAF7C3DC-E2A6-482B-989E-735BE18517BA}.Debug|x86.ActiveCfg = Debug|x86
		{FAF7C3DC-E2A6-482B-989E-735BE18517BA}.Debug|x86.Build.0 = Debug|x86
		{FAF7C3DC-E2A6-482B-989E-735BE18517BA}.Release|Any CPU.ActiveCfg = Release|Any CPU
		{FAF7C3DC-E2A6-482B-989E-735BE18517BA}.Release|Any CPU.Build.0 = Release|Any CPU
		{FAF7C3DC-E2A6-482B-989E-735BE18517BA}.Release|x86.ActiveCfg = Release|x86
		{FAF7C3DC-E2A6-482B-989E-735BE18517BA}.Release|x86.Build.0 = Release|x86
	EndGlobalSection
	GlobalSection(SolutionProperties) = preSolution
		HideSolutionNode = FALSE
	EndGlobalSection
EndGlobal
